// !$*UTF8*$!
{
	archiveVersion = 1;
	classes = {
	};
	objectVersion = 50;
	objects = {

/* Begin PBXBuildFile section */
		BA7F67A623C8F1530088CEF2 /* AppDelegate.swift in Sources */ = {isa = PBXBuildFile; fileRef = BA7F67A523C8F1530088CEF2 /* AppDelegate.swift */; };
		BA7F67A823C8F1530088CEF2 /* SceneDelegate.swift in Sources */ = {isa = PBXBuildFile; fileRef = BA7F67A723C8F1530088CEF2 /* SceneDelegate.swift */; };
		BA7F67AA23C8F1530088CEF2 /* ContentView.swift in Sources */ = {isa = PBXBuildFile; fileRef = BA7F67A923C8F1530088CEF2 /* ContentView.swift */; };
		BA7F67AC23C8F1550088CEF2 /* Assets.xcassets in Resources */ = {isa = PBXBuildFile; fileRef = BA7F67AB23C8F1550088CEF2 /* Assets.xcassets */; };
		BA7F67AF23C8F1550088CEF2 /* Preview Assets.xcassets in Resources */ = {isa = PBXBuildFile; fileRef = BA7F67AE23C8F1550088CEF2 /* Preview Assets.xcassets */; };
		BA7F67B223C8F1550088CEF2 /* LaunchScreen.storyboard in Resources */ = {isa = PBXBuildFile; fileRef = BA7F67B023C8F1550088CEF2 /* LaunchScreen.storyboard */; };
		BA7F67BD23C8F1550088CEF2 /* TheMovieCatalogTests.swift in Sources */ = {isa = PBXBuildFile; fileRef = BA7F67BC23C8F1550088CEF2 /* TheMovieCatalogTests.swift */; };
		BA7F67CB23C8F1820088CEF2 /* Movie.swift in Sources */ = {isa = PBXBuildFile; fileRef = BA7F67C823C8F1820088CEF2 /* Movie.swift */; };
		BA7F67CC23C8F1820088CEF2 /* MovieDetail.swift in Sources */ = {isa = PBXBuildFile; fileRef = BA7F67C923C8F1820088CEF2 /* MovieDetail.swift */; };
		BA7F67CD23C8F1820088CEF2 /* MovieResponse.swift in Sources */ = {isa = PBXBuildFile; fileRef = BA7F67CA23C8F1820088CEF2 /* MovieResponse.swift */; };
/* End PBXBuildFile section */

/* Begin PBXContainerItemProxy section */
		BA7F67B923C8F1550088CEF2 /* PBXContainerItemProxy */ = {
			isa = PBXContainerItemProxy;
			containerPortal = BA7F679A23C8F1530088CEF2 /* Project object */;
			proxyType = 1;
			remoteGlobalIDString = BA7F67A123C8F1530088CEF2;
			remoteInfo = TheMovieCatalog;
		};
/* End PBXContainerItemProxy section */

/* Begin PBXFileReference section */
		BA7F67A223C8F1530088CEF2 /* TheMovieCatalog.app */ = {isa = PBXFileReference; explicitFileType = wrapper.application; includeInIndex = 0; path = TheMovieCatalog.app; sourceTree = BUILT_PRODUCTS_DIR; };
		BA7F67A523C8F1530088CEF2 /* AppDelegate.swift */ = {isa = PBXFileReference; lastKnownFileType = sourcecode.swift; path = AppDelegate.swift; sourceTree = "<group>"; };
		BA7F67A723C8F1530088CEF2 /* SceneDelegate.swift */ = {isa = PBXFileReference; lastKnownFileType = sourcecode.swift; path = SceneDelegate.swift; sourceTree = "<group>"; };
		BA7F67A923C8F1530088CEF2 /* ContentView.swift */ = {isa = PBXFileReference; lastKnownFileType = sourcecode.swift; path = ContentView.swift; sourceTree = "<group>"; };
		BA7F67AB23C8F1550088CEF2 /* Assets.xcassets */ = {isa = PBXFileReference; lastKnownFileType = folder.assetcatalog; path = Assets.xcassets; sourceTree = "<group>"; };
		BA7F67AE23C8F1550088CEF2 /* Preview Assets.xcassets */ = {isa = PBXFileReference; lastKnownFileType = folder.assetcatalog; path = "Preview Assets.xcassets"; sourceTree = "<group>"; };
		BA7F67B123C8F1550088CEF2 /* Base */ = {isa = PBXFileReference; lastKnownFileType = file.storyboard; name = Base; path = Base.lproj/LaunchScreen.storyboard; sourceTree = "<group>"; };
		BA7F67B323C8F1550088CEF2 /* Info.plist */ = {isa = PBXFileReference; lastKnownFileType = text.plist.xml; path = Info.plist; sourceTree = "<group>"; };
		BA7F67B823C8F1550088CEF2 /* TheMovieCatalogTests.xctest */ = {isa = PBXFileReference; explicitFileType = wrapper.cfbundle; includeInIndex = 0; path = TheMovieCatalogTests.xctest; sourceTree = BUILT_PRODUCTS_DIR; };
		BA7F67BC23C8F1550088CEF2 /* TheMovieCatalogTests.swift */ = {isa = PBXFileReference; lastKnownFileType = sourcecode.swift; path = TheMovieCatalogTests.swift; sourceTree = "<group>"; };
		BA7F67BE23C8F1550088CEF2 /* Info.plist */ = {isa = PBXFileReference; lastKnownFileType = text.plist.xml; path = Info.plist; sourceTree = "<group>"; };
		BA7F67C823C8F1820088CEF2 /* Movie.swift */ = {isa = PBXFileReference; fileEncoding = 4; lastKnownFileType = sourcecode.swift; path = Movie.swift; sourceTree = "<group>"; };
		BA7F67C923C8F1820088CEF2 /* MovieDetail.swift */ = {isa = PBXFileReference; fileEncoding = 4; lastKnownFileType = sourcecode.swift; path = MovieDetail.swift; sourceTree = "<group>"; };
		BA7F67CA23C8F1820088CEF2 /* MovieResponse.swift */ = {isa = PBXFileReference; fileEncoding = 4; lastKnownFileType = sourcecode.swift; path = MovieResponse.swift; sourceTree = "<group>"; };
/* End PBXFileReference section */

/* Begin PBXFrameworksBuildPhase section */
		BA7F679F23C8F1530088CEF2 /* Frameworks */ = {
			isa = PBXFrameworksBuildPhase;
			buildActionMask = 2147483647;
			files = (
			);
			runOnlyForDeploymentPostprocessing = 0;
		};
		BA7F67B523C8F1550088CEF2 /* Frameworks */ = {
			isa = PBXFrameworksBuildPhase;
			buildActionMask = 2147483647;
			files = (
			);
			runOnlyForDeploymentPostprocessing = 0;
		};
/* End PBXFrameworksBuildPhase section */

/* Begin PBXGroup section */
		BA7F679923C8F1530088CEF2 = {
			isa = PBXGroup;
			children = (
				BA7F67A423C8F1530088CEF2 /* TheMovieCatalog */,
				BA7F67BB23C8F1550088CEF2 /* TheMovieCatalogTests */,
				BA7F67A323C8F1530088CEF2 /* Products */,
			);
			sourceTree = "<group>";
		};
		BA7F67A323C8F1530088CEF2 /* Products */ = {
			isa = PBXGroup;
			children = (
				BA7F67A223C8F1530088CEF2 /* TheMovieCatalog.app */,
				BA7F67B823C8F1550088CEF2 /* TheMovieCatalogTests.xctest */,
			);
			name = Products;
			sourceTree = "<group>";
		};
		BA7F67A423C8F1530088CEF2 /* TheMovieCatalog */ = {
			isa = PBXGroup;
			children = (
				BA7F67D023C8F1BA0088CEF2 /* UserInterface */,
				BA7F67CF23C8F1A80088CEF2 /* Resources */,
				BA7F67CE23C8F1970088CEF2 /* App */,
				BA7F67C723C8F1820088CEF2 /* Models */,
			);
			path = TheMovieCatalog;
			sourceTree = "<group>";
		};
		BA7F67AD23C8F1550088CEF2 /* Preview Content */ = {
			isa = PBXGroup;
			children = (
				BA7F67AE23C8F1550088CEF2 /* Preview Assets.xcassets */,
			);
			path = "Preview Content";
			sourceTree = "<group>";
		};
		BA7F67BB23C8F1550088CEF2 /* TheMovieCatalogTests */ = {
			isa = PBXGroup;
			children = (
				BA7F67BC23C8F1550088CEF2 /* TheMovieCatalogTests.swift */,
				BA7F67BE23C8F1550088CEF2 /* Info.plist */,
			);
			path = TheMovieCatalogTests;
			sourceTree = "<group>";
		};
		BA7F67C723C8F1820088CEF2 /* Models */ = {
			isa = PBXGroup;
			children = (
				BA7F67C823C8F1820088CEF2 /* Movie.swift */,
				BA7F67C923C8F1820088CEF2 /* MovieDetail.swift */,
				BA7F67CA23C8F1820088CEF2 /* MovieResponse.swift */,
			);
			path = Models;
			sourceTree = "<group>";
		};
		BA7F67CE23C8F1970088CEF2 /* App */ = {
			isa = PBXGroup;
			children = (
				BA7F67A523C8F1530088CEF2 /* AppDelegate.swift */,
				BA7F67A723C8F1530088CEF2 /* SceneDelegate.swift */,
				BA7F67B023C8F1550088CEF2 /* LaunchScreen.storyboard */,
				BA7F67B323C8F1550088CEF2 /* Info.plist */,
			);
			path = App;
			sourceTree = "<group>";
		};
		BA7F67CF23C8F1A80088CEF2 /* Resources */ = {
			isa = PBXGroup;
			children = (
				BA7F67AD23C8F1550088CEF2 /* Preview Content */,
				BA7F67AB23C8F1550088CEF2 /* Assets.xcassets */,
			);
			path = Resources;
			sourceTree = "<group>";
		};
		BA7F67D023C8F1BA0088CEF2 /* UserInterface */ = {
			isa = PBXGroup;
			children = (
				BA7F67D223C8F1C80088CEF2 /* ViewModels */,
				BA7F67D123C8F1C30088CEF2 /* Views */,
			);
			path = UserInterface;
			sourceTree = "<group>";
		};
		BA7F67D123C8F1C30088CEF2 /* Views */ = {
			isa = PBXGroup;
			children = (
				BA7F67A923C8F1530088CEF2 /* ContentView.swift */,
			);
			path = Views;
			sourceTree = "<group>";
		};
		BA7F67D223C8F1C80088CEF2 /* ViewModels */ = {
			isa = PBXGroup;
			children = (
			);
			path = ViewModels;
			sourceTree = "<group>";
		};
/* End PBXGroup section */

/* Begin PBXNativeTarget section */
		BA7F67A123C8F1530088CEF2 /* TheMovieCatalog */ = {
			isa = PBXNativeTarget;
			buildConfigurationList = BA7F67C123C8F1550088CEF2 /* Build configuration list for PBXNativeTarget "TheMovieCatalog" */;
			buildPhases = (
				BA7F679E23C8F1530088CEF2 /* Sources */,
				BA7F679F23C8F1530088CEF2 /* Frameworks */,
				BA7F67A023C8F1530088CEF2 /* Resources */,
			);
			buildRules = (
			);
			dependencies = (
			);
			name = TheMovieCatalog;
			productName = TheMovieCatalog;
			productReference = BA7F67A223C8F1530088CEF2 /* TheMovieCatalog.app */;
			productType = "com.apple.product-type.application";
		};
		BA7F67B723C8F1550088CEF2 /* TheMovieCatalogTests */ = {
			isa = PBXNativeTarget;
			buildConfigurationList = BA7F67C423C8F1550088CEF2 /* Build configuration list for PBXNativeTarget "TheMovieCatalogTests" */;
			buildPhases = (
				BA7F67B423C8F1550088CEF2 /* Sources */,
				BA7F67B523C8F1550088CEF2 /* Frameworks */,
				BA7F67B623C8F1550088CEF2 /* Resources */,
			);
			buildRules = (
			);
			dependencies = (
				BA7F67BA23C8F1550088CEF2 /* PBXTargetDependency */,
			);
			name = TheMovieCatalogTests;
			productName = TheMovieCatalogTests;
			productReference = BA7F67B823C8F1550088CEF2 /* TheMovieCatalogTests.xctest */;
			productType = "com.apple.product-type.bundle.unit-test";
		};
/* End PBXNativeTarget section */

/* Begin PBXProject section */
		BA7F679A23C8F1530088CEF2 /* Project object */ = {
			isa = PBXProject;
			attributes = {
				LastSwiftUpdateCheck = 1130;
				LastUpgradeCheck = 1130;
				ORGANIZATIONNAME = "Eagle Dev";
				TargetAttributes = {
					BA7F67A123C8F1530088CEF2 = {
						CreatedOnToolsVersion = 11.3;
					};
					BA7F67B723C8F1550088CEF2 = {
						CreatedOnToolsVersion = 11.3;
						TestTargetID = BA7F67A123C8F1530088CEF2;
					};
				};
			};
			buildConfigurationList = BA7F679D23C8F1530088CEF2 /* Build configuration list for PBXProject "TheMovieCatalog" */;
			compatibilityVersion = "Xcode 9.3";
			developmentRegion = en;
			hasScannedForEncodings = 0;
			knownRegions = (
				en,
				Base,
			);
			mainGroup = BA7F679923C8F1530088CEF2;
			productRefGroup = BA7F67A323C8F1530088CEF2 /* Products */;
			projectDirPath = "";
			projectRoot = "";
			targets = (
				BA7F67A123C8F1530088CEF2 /* TheMovieCatalog */,
				BA7F67B723C8F1550088CEF2 /* TheMovieCatalogTests */,
			);
		};
/* End PBXProject section */

/* Begin PBXResourcesBuildPhase section */
		BA7F67A023C8F1530088CEF2 /* Resources */ = {
			isa = PBXResourcesBuildPhase;
			buildActionMask = 2147483647;
			files = (
				BA7F67B223C8F1550088CEF2 /* LaunchScreen.storyboard in Resources */,
				BA7F67AF23C8F1550088CEF2 /* Preview Assets.xcassets in Resources */,
				BA7F67AC23C8F1550088CEF2 /* Assets.xcassets in Resources */,
			);
			runOnlyForDeploymentPostprocessing = 0;
		};
		BA7F67B623C8F1550088CEF2 /* Resources */ = {
			isa = PBXResourcesBuildPhase;
			buildActionMask = 2147483647;
			files = (
			);
			runOnlyForDeploymentPostprocessing = 0;
		};
/* End PBXResourcesBuildPhase section */

/* Begin PBXSourcesBuildPhase section */
		BA7F679E23C8F1530088CEF2 /* Sources */ = {
			isa = PBXSourcesBuildPhase;
			buildActionMask = 2147483647;
			files = (
				BA7F67A623C8F1530088CEF2 /* AppDelegate.swift in Sources */,
				BA7F67A823C8F1530088CEF2 /* SceneDelegate.swift in Sources */,
				BA7F67CC23C8F1820088CEF2 /* MovieDetail.swift in Sources */,
				BA7F67CD23C8F1820088CEF2 /* MovieResponse.swift in Sources */,
				BA7F67CB23C8F1820088CEF2 /* Movie.swift in Sources */,
				BA7F67AA23C8F1530088CEF2 /* ContentView.swift in Sources */,
			);
			runOnlyForDeploymentPostprocessing = 0;
		};
		BA7F67B423C8F1550088CEF2 /* Sources */ = {
			isa = PBXSourcesBuildPhase;
			buildActionMask = 2147483647;
			files = (
				BA7F67BD23C8F1550088CEF2 /* TheMovieCatalogTests.swift in Sources */,
			);
			runOnlyForDeploymentPostprocessing = 0;
		};
/* End PBXSourcesBuildPhase section */

/* Begin PBXTargetDependency section */
		BA7F67BA23C8F1550088CEF2 /* PBXTargetDependency */ = {
			isa = PBXTargetDependency;
			target = BA7F67A123C8F1530088CEF2 /* TheMovieCatalog */;
			targetProxy = BA7F67B923C8F1550088CEF2 /* PBXContainerItemProxy */;
		};
/* End PBXTargetDependency section */

/* Begin PBXVariantGroup section */
		BA7F67B023C8F1550088CEF2 /* LaunchScreen.storyboard */ = {
			isa = PBXVariantGroup;
			children = (
				BA7F67B123C8F1550088CEF2 /* Base */,
			);
			name = LaunchScreen.storyboard;
			sourceTree = "<group>";
		};
/* End PBXVariantGroup section */

/* Begin XCBuildConfiguration section */
		BA7F67BF23C8F1550088CEF2 /* Debug */ = {
			isa = XCBuildConfiguration;
			buildSettings = {
				ALWAYS_SEARCH_USER_PATHS = NO;
				CLANG_ANALYZER_NONNULL = YES;
				CLANG_ANALYZER_NUMBER_OBJECT_CONVERSION = YES_AGGRESSIVE;
				CLANG_CXX_LANGUAGE_STANDARD = "gnu++14";
				CLANG_CXX_LIBRARY = "libc++";
				CLANG_ENABLE_MODULES = YES;
				CLANG_ENABLE_OBJC_ARC = YES;
				CLANG_ENABLE_OBJC_WEAK = YES;
				CLANG_WARN_BLOCK_CAPTURE_AUTORELEASING = YES;
				CLANG_WARN_BOOL_CONVERSION = YES;
				CLANG_WARN_COMMA = YES;
				CLANG_WARN_CONSTANT_CONVERSION = YES;
				CLANG_WARN_DEPRECATED_OBJC_IMPLEMENTATIONS = YES;
				CLANG_WARN_DIRECT_OBJC_ISA_USAGE = YES_ERROR;
				CLANG_WARN_DOCUMENTATION_COMMENTS = YES;
				CLANG_WARN_EMPTY_BODY = YES;
				CLANG_WARN_ENUM_CONVERSION = YES;
				CLANG_WARN_INFINITE_RECURSION = YES;
				CLANG_WARN_INT_CONVERSION = YES;
				CLANG_WARN_NON_LITERAL_NULL_CONVERSION = YES;
				CLANG_WARN_OBJC_IMPLICIT_RETAIN_SELF = YES;
				CLANG_WARN_OBJC_LITERAL_CONVERSION = YES;
				CLANG_WARN_OBJC_ROOT_CLASS = YES_ERROR;
				CLANG_WARN_RANGE_LOOP_ANALYSIS = YES;
				CLANG_WARN_STRICT_PROTOTYPES = YES;
				CLANG_WARN_SUSPICIOUS_MOVE = YES;
				CLANG_WARN_UNGUARDED_AVAILABILITY = YES_AGGRESSIVE;
				CLANG_WARN_UNREACHABLE_CODE = YES;
				CLANG_WARN__DUPLICATE_METHOD_MATCH = YES;
				COPY_PHASE_STRIP = NO;
				DEBUG_INFORMATION_FORMAT = dwarf;
				ENABLE_STRICT_OBJC_MSGSEND = YES;
				ENABLE_TESTABILITY = YES;
				GCC_C_LANGUAGE_STANDARD = gnu11;
				GCC_DYNAMIC_NO_PIC = NO;
				GCC_NO_COMMON_BLOCKS = YES;
				GCC_OPTIMIZATION_LEVEL = 0;
				GCC_PREPROCESSOR_DEFINITIONS = (
					"DEBUG=1",
					"$(inherited)",
				);
				GCC_WARN_64_TO_32_BIT_CONVERSION = YES;
				GCC_WARN_ABOUT_RETURN_TYPE = YES_ERROR;
				GCC_WARN_UNDECLARED_SELECTOR = YES;
				GCC_WARN_UNINITIALIZED_AUTOS = YES_AGGRESSIVE;
				GCC_WARN_UNUSED_FUNCTION = YES;
				GCC_WARN_UNUSED_VARIABLE = YES;
				IPHONEOS_DEPLOYMENT_TARGET = 13.2;
				MTL_ENABLE_DEBUG_INFO = INCLUDE_SOURCE;
				MTL_FAST_MATH = YES;
				ONLY_ACTIVE_ARCH = YES;
				SDKROOT = iphoneos;
				SWIFT_ACTIVE_COMPILATION_CONDITIONS = DEBUG;
				SWIFT_OPTIMIZATION_LEVEL = "-Onone";
			};
			name = Debug;
		};
		BA7F67C023C8F1550088CEF2 /* Release */ = {
			isa = XCBuildConfiguration;
			buildSettings = {
				ALWAYS_SEARCH_USER_PATHS = NO;
				CLANG_ANALYZER_NONNULL = YES;
				CLANG_ANALYZER_NUMBER_OBJECT_CONVERSION = YES_AGGRESSIVE;
				CLANG_CXX_LANGUAGE_STANDARD = "gnu++14";
				CLANG_CXX_LIBRARY = "libc++";
				CLANG_ENABLE_MODULES = YES;
				CLANG_ENABLE_OBJC_ARC = YES;
				CLANG_ENABLE_OBJC_WEAK = YES;
				CLANG_WARN_BLOCK_CAPTURE_AUTORELEASING = YES;
				CLANG_WARN_BOOL_CONVERSION = YES;
				CLANG_WARN_COMMA = YES;
				CLANG_WARN_CONSTANT_CONVERSION = YES;
				CLANG_WARN_DEPRECATED_OBJC_IMPLEMENTATIONS = YES;
				CLANG_WARN_DIRECT_OBJC_ISA_USAGE = YES_ERROR;
				CLANG_WARN_DOCUMENTATION_COMMENTS = YES;
				CLANG_WARN_EMPTY_BODY = YES;
				CLANG_WARN_ENUM_CONVERSION = YES;
				CLANG_WARN_INFINITE_RECURSION = YES;
				CLANG_WARN_INT_CONVERSION = YES;
				CLANG_WARN_NON_LITERAL_NULL_CONVERSION = YES;
				CLANG_WARN_OBJC_IMPLICIT_RETAIN_SELF = YES;
				CLANG_WARN_OBJC_LITERAL_CONVERSION = YES;
				CLANG_WARN_OBJC_ROOT_CLASS = YES_ERROR;
				CLANG_WARN_RANGE_LOOP_ANALYSIS = YES;
				CLANG_WARN_STRICT_PROTOTYPES = YES;
				CLANG_WARN_SUSPICIOUS_MOVE = YES;
				CLANG_WARN_UNGUARDED_AVAILABILITY = YES_AGGRESSIVE;
				CLANG_WARN_UNREACHABLE_CODE = YES;
				CLANG_WARN__DUPLICATE_METHOD_MATCH = YES;
				COPY_PHASE_STRIP = NO;
				DEBUG_INFORMATION_FORMAT = "dwarf-with-dsym";
				ENABLE_NS_ASSERTIONS = NO;
				ENABLE_STRICT_OBJC_MSGSEND = YES;
				GCC_C_LANGUAGE_STANDARD = gnu11;
				GCC_NO_COMMON_BLOCKS = YES;
				GCC_WARN_64_TO_32_BIT_CONVERSION = YES;
				GCC_WARN_ABOUT_RETURN_TYPE = YES_ERROR;
				GCC_WARN_UNDECLARED_SELECTOR = YES;
				GCC_WARN_UNINITIALIZED_AUTOS = YES_AGGRESSIVE;
				GCC_WARN_UNUSED_FUNCTION = YES;
				GCC_WARN_UNUSED_VARIABLE = YES;
				IPHONEOS_DEPLOYMENT_TARGET = 13.2;
				MTL_ENABLE_DEBUG_INFO = NO;
				MTL_FAST_MATH = YES;
				SDKROOT = iphoneos;
				SWIFT_COMPILATION_MODE = wholemodule;
				SWIFT_OPTIMIZATION_LEVEL = "-O";
				VALIDATE_PRODUCT = YES;
			};
			name = Release;
		};
		BA7F67C223C8F1550088CEF2 /* Debug */ = {
			isa = XCBuildConfiguration;
			buildSettings = {
				ASSETCATALOG_COMPILER_APPICON_NAME = AppIcon;
				CODE_SIGN_STYLE = Automatic;
				DEVELOPMENT_ASSET_PATHS = "\"TheMovieCatalog/Preview Content\"";
				DEVELOPMENT_TEAM = 296QZ233WT;
				ENABLE_PREVIEWS = YES;
				INFOPLIST_FILE = TheMovieCatalog/Info.plist;
				LD_RUNPATH_SEARCH_PATHS = (
					"$(inherited)",
					"@executable_path/Frameworks",
				);
				PRODUCT_BUNDLE_IDENTIFIER = com.eagledev.TheMovieCatalog;
				PRODUCT_NAME = "$(TARGET_NAME)";
				SWIFT_VERSION = 5.0;
				TARGETED_DEVICE_FAMILY = "1,2";
			};
			name = Debug;
		};
		BA7F67C323C8F1550088CEF2 /* Release */ = {
			isa = XCBuildConfiguration;
			buildSettings = {
				ASSETCATALOG_COMPILER_APPICON_NAME = AppIcon;
				CODE_SIGN_STYLE = Automatic;
				DEVELOPMENT_ASSET_PATHS = "\"TheMovieCatalog/Preview Content\"";
				DEVELOPMENT_TEAM = 296QZ233WT;
				ENABLE_PREVIEWS = YES;
				INFOPLIST_FILE = TheMovieCatalog/Info.plist;
				LD_RUNPATH_SEARCH_PATHS = (
					"$(inherited)",
					"@executable_path/Frameworks",
				);
				PRODUCT_BUNDLE_IDENTIFIER = com.eagledev.TheMovieCatalog;
				PRODUCT_NAME = "$(TARGET_NAME)";
				SWIFT_VERSION = 5.0;
				TARGETED_DEVICE_FAMILY = "1,2";
			};
			name = Release;
		};
		BA7F67C523C8F1550088CEF2 /* Debug */ = {
			isa = XCBuildConfiguration;
			buildSettings = {
				ALWAYS_EMBED_SWIFT_STANDARD_LIBRARIES = YES;
				BUNDLE_LOADER = "$(TEST_HOST)";
				CODE_SIGN_STYLE = Automatic;
				DEVELOPMENT_TEAM = 296QZ233WT;
				INFOPLIST_FILE = TheMovieCatalogTests/Info.plist;
				IPHONEOS_DEPLOYMENT_TARGET = 13.2;
				LD_RUNPATH_SEARCH_PATHS = (
					"$(inherited)",
					"@executable_path/Frameworks",
					"@loader_path/Frameworks",
				);
				PRODUCT_BUNDLE_IDENTIFIER = com.eagledev.TheMovieCatalogTests;
				PRODUCT_NAME = "$(TARGET_NAME)";
				SWIFT_VERSION = 5.0;
				TARGETED_DEVICE_FAMILY = "1,2";
				TEST_HOST = "$(BUILT_PRODUCTS_DIR)/TheMovieCatalog.app/TheMovieCatalog";
			};
			name = Debug;
		};
		BA7F67C623C8F1550088CEF2 /* Release */ = {
			isa = XCBuildConfiguration;
			buildSettings = {
				ALWAYS_EMBED_SWIFT_STANDARD_LIBRARIES = YES;
				BUNDLE_LOADER = "$(TEST_HOST)";
				CODE_SIGN_STYLE = Automatic;
				DEVELOPMENT_TEAM = 296QZ233WT;
				INFOPLIST_FILE = TheMovieCatalogTests/Info.plist;
				IPHONEOS_DEPLOYMENT_TARGET = 13.2;
				LD_RUNPATH_SEARCH_PATHS = (
					"$(inherited)",
					"@executable_path/Frameworks",
					"@loader_path/Frameworks",
				);
				PRODUCT_BUNDLE_IDENTIFIER = com.eagledev.TheMovieCatalogTests;
				PRODUCT_NAME = "$(TARGET_NAME)";
				SWIFT_VERSION = 5.0;
				TARGETED_DEVICE_FAMILY = "1,2";
				TEST_HOST = "$(BUILT_PRODUCTS_DIR)/TheMovieCatalog.app/TheMovieCatalog";
			};
			name = Release;
		};
/* End XCBuildConfiguration section */

/* Begin XCConfigurationList section */
		BA7F679D23C8F1530088CEF2 /* Build configuration list for PBXProject "TheMovieCatalog" */ = {
			isa = XCConfigurationList;
			buildConfigurations = (
				BA7F67BF23C8F1550088CEF2 /* Debug */,
				BA7F67C023C8F1550088CEF2 /* Release */,
			);
			defaultConfigurationIsVisible = 0;
			defaultConfigurationName = Release;
		};
		BA7F67C123C8F1550088CEF2 /* Build configuration list for PBXNativeTarget "TheMovieCatalog" */ = {
			isa = XCConfigurationList;
			buildConfigurations = (
				BA7F67C223C8F1550088CEF2 /* Debug */,
				BA7F67C323C8F1550088CEF2 /* Release */,
			);
			defaultConfigurationIsVisible = 0;
			defaultConfigurationName = Release;
		};
		BA7F67C423C8F1550088CEF2 /* Build configuration list for PBXNativeTarget "TheMovieCatalogTests" */ = {
			isa = XCConfigurationList;
			buildConfigurations = (
				BA7F67C523C8F1550088CEF2 /* Debug */,
				BA7F67C623C8F1550088CEF2 /* Release */,
			);
			defaultConfigurationIsVisible = 0;
			defaultConfigurationName = Release;
		};
/* End XCConfigurationList section */
	};
	rootObject = BA7F679A23C8F1530088CEF2 /* Project object */;
}
