// !$*UTF8*$!
{
	archiveVersion = 1;
	classes = {
	};
	objectVersion = 50;
	objects = {

/* Begin PBXBuildFile section */
		BA7F676823C8E63B0088CEF2 /* AppDelegate.swift in Sources */ = {isa = PBXBuildFile; fileRef = BA7F676723C8E63B0088CEF2 /* AppDelegate.swift */; };
		BA7F676A23C8E63B0088CEF2 /* SceneDelegate.swift in Sources */ = {isa = PBXBuildFile; fileRef = BA7F676923C8E63B0088CEF2 /* SceneDelegate.swift */; };
		BA7F676C23C8E63B0088CEF2 /* ViewController.swift in Sources */ = {isa = PBXBuildFile; fileRef = BA7F676B23C8E63B0088CEF2 /* ViewController.swift */; };
		BA7F676F23C8E63B0088CEF2 /* Main.storyboard in Resources */ = {isa = PBXBuildFile; fileRef = BA7F676D23C8E63B0088CEF2 /* Main.storyboard */; };
		BA7F677123C8E63F0088CEF2 /* Assets.xcassets in Resources */ = {isa = PBXBuildFile; fileRef = BA7F677023C8E63F0088CEF2 /* Assets.xcassets */; };
		BA7F677423C8E63F0088CEF2 /* LaunchScreen.storyboard in Resources */ = {isa = PBXBuildFile; fileRef = BA7F677223C8E63F0088CEF2 /* LaunchScreen.storyboard */; };
		BA7F677F23C8E63F0088CEF2 /* The_Movie_CatalogTests.swift in Sources */ = {isa = PBXBuildFile; fileRef = BA7F677E23C8E63F0088CEF2 /* The_Movie_CatalogTests.swift */; };
/* End PBXBuildFile section */

/* Begin PBXContainerItemProxy section */
		BA7F677B23C8E63F0088CEF2 /* PBXContainerItemProxy */ = {
			isa = PBXContainerItemProxy;
			containerPortal = BA7F675C23C8E63B0088CEF2 /* Project object */;
			proxyType = 1;
			remoteGlobalIDString = BA7F676323C8E63B0088CEF2;
			remoteInfo = "The Movie Catalog";
		};
/* End PBXContainerItemProxy section */

/* Begin PBXFileReference section */
		BA7F676423C8E63B0088CEF2 /* The Movie Catalog.app */ = {isa = PBXFileReference; explicitFileType = wrapper.application; includeInIndex = 0; path = "The Movie Catalog.app"; sourceTree = BUILT_PRODUCTS_DIR; };
		BA7F676723C8E63B0088CEF2 /* AppDelegate.swift */ = {isa = PBXFileReference; lastKnownFileType = sourcecode.swift; path = AppDelegate.swift; sourceTree = "<group>"; };
		BA7F676923C8E63B0088CEF2 /* SceneDelegate.swift */ = {isa = PBXFileReference; lastKnownFileType = sourcecode.swift; path = SceneDelegate.swift; sourceTree = "<group>"; };
		BA7F676B23C8E63B0088CEF2 /* ViewController.swift */ = {isa = PBXFileReference; lastKnownFileType = sourcecode.swift; path = ViewController.swift; sourceTree = "<group>"; };
		BA7F676E23C8E63B0088CEF2 /* Base */ = {isa = PBXFileReference; lastKnownFileType = file.storyboard; name = Base; path = Base.lproj/Main.storyboard; sourceTree = "<group>"; };
		BA7F677023C8E63F0088CEF2 /* Assets.xcassets */ = {isa = PBXFileReference; lastKnownFileType = folder.assetcatalog; path = Assets.xcassets; sourceTree = "<group>"; };
		BA7F677323C8E63F0088CEF2 /* Base */ = {isa = PBXFileReference; lastKnownFileType = file.storyboard; name = Base; path = Base.lproj/LaunchScreen.storyboard; sourceTree = "<group>"; };
		BA7F677523C8E63F0088CEF2 /* Info.plist */ = {isa = PBXFileReference; lastKnownFileType = text.plist.xml; path = Info.plist; sourceTree = "<group>"; };
		BA7F677A23C8E63F0088CEF2 /* The Movie CatalogTests.xctest */ = {isa = PBXFileReference; explicitFileType = wrapper.cfbundle; includeInIndex = 0; path = "The Movie CatalogTests.xctest"; sourceTree = BUILT_PRODUCTS_DIR; };
		BA7F677E23C8E63F0088CEF2 /* The_Movie_CatalogTests.swift */ = {isa = PBXFileReference; lastKnownFileType = sourcecode.swift; path = The_Movie_CatalogTests.swift; sourceTree = "<group>"; };
		BA7F678023C8E63F0088CEF2 /* Info.plist */ = {isa = PBXFileReference; lastKnownFileType = text.plist.xml; path = Info.plist; sourceTree = "<group>"; };
/* End PBXFileReference section */

/* Begin PBXFrameworksBuildPhase section */
		BA7F676123C8E63B0088CEF2 /* Frameworks */ = {
			isa = PBXFrameworksBuildPhase;
			buildActionMask = 2147483647;
			files = (
			);
			runOnlyForDeploymentPostprocessing = 0;
		};
		BA7F677723C8E63F0088CEF2 /* Frameworks */ = {
			isa = PBXFrameworksBuildPhase;
			buildActionMask = 2147483647;
			files = (
			);
			runOnlyForDeploymentPostprocessing = 0;
		};
/* End PBXFrameworksBuildPhase section */

/* Begin PBXGroup section */
		BA7F675B23C8E63B0088CEF2 = {
			isa = PBXGroup;
			children = (
				BA7F676623C8E63B0088CEF2 /* The Movie Catalog */,
				BA7F677D23C8E63F0088CEF2 /* The Movie CatalogTests */,
				BA7F676523C8E63B0088CEF2 /* Products */,
			);
			sourceTree = "<group>";
		};
		BA7F676523C8E63B0088CEF2 /* Products */ = {
			isa = PBXGroup;
			children = (
				BA7F676423C8E63B0088CEF2 /* The Movie Catalog.app */,
				BA7F677A23C8E63F0088CEF2 /* The Movie CatalogTests.xctest */,
			);
			name = Products;
			sourceTree = "<group>";
		};
		BA7F676623C8E63B0088CEF2 /* The Movie Catalog */ = {
			isa = PBXGroup;
			children = (
				BA7F676723C8E63B0088CEF2 /* AppDelegate.swift */,
				BA7F676923C8E63B0088CEF2 /* SceneDelegate.swift */,
				BA7F676B23C8E63B0088CEF2 /* ViewController.swift */,
				BA7F676D23C8E63B0088CEF2 /* Main.storyboard */,
				BA7F677023C8E63F0088CEF2 /* Assets.xcassets */,
				BA7F677223C8E63F0088CEF2 /* LaunchScreen.storyboard */,
				BA7F677523C8E63F0088CEF2 /* Info.plist */,
			);
			path = "The Movie Catalog";
			sourceTree = "<group>";
		};
		BA7F677D23C8E63F0088CEF2 /* The Movie CatalogTests */ = {
			isa = PBXGroup;
			children = (
				BA7F677E23C8E63F0088CEF2 /* The_Movie_CatalogTests.swift */,
				BA7F678023C8E63F0088CEF2 /* Info.plist */,
			);
			path = "The Movie CatalogTests";
			sourceTree = "<group>";
		};
/* End PBXGroup section */

/* Begin PBXNativeTarget section */
		BA7F676323C8E63B0088CEF2 /* The Movie Catalog */ = {
			isa = PBXNativeTarget;
			buildConfigurationList = BA7F678323C8E63F0088CEF2 /* Build configuration list for PBXNativeTarget "The Movie Catalog" */;
			buildPhases = (
				BA7F676023C8E63B0088CEF2 /* Sources */,
				BA7F676123C8E63B0088CEF2 /* Frameworks */,
				BA7F676223C8E63B0088CEF2 /* Resources */,
			);
			buildRules = (
			);
			dependencies = (
			);
			name = "The Movie Catalog";
			productName = "The Movie Catalog";
			productReference = BA7F676423C8E63B0088CEF2 /* The Movie Catalog.app */;
			productType = "com.apple.product-type.application";
		};
		BA7F677923C8E63F0088CEF2 /* The Movie CatalogTests */ = {
			isa = PBXNativeTarget;
			buildConfigurationList = BA7F678623C8E63F0088CEF2 /* Build configuration list for PBXNativeTarget "The Movie CatalogTests" */;
			buildPhases = (
				BA7F677623C8E63F0088CEF2 /* Sources */,
				BA7F677723C8E63F0088CEF2 /* Frameworks */,
				BA7F677823C8E63F0088CEF2 /* Resources */,
			);
			buildRules = (
			);
			dependencies = (
				BA7F677C23C8E63F0088CEF2 /* PBXTargetDependency */,
			);
			name = "The Movie CatalogTests";
			productName = "The Movie CatalogTests";
			productReference = BA7F677A23C8E63F0088CEF2 /* The Movie CatalogTests.xctest */;
			productType = "com.apple.product-type.bundle.unit-test";
		};
/* End PBXNativeTarget section */

/* Begin PBXProject section */
		BA7F675C23C8E63B0088CEF2 /* Project object */ = {
			isa = PBXProject;
			attributes = {
				LastSwiftUpdateCheck = 1130;
				LastUpgradeCheck = 1130;
				ORGANIZATIONNAME = "Eagle Dev";
				TargetAttributes = {
					BA7F676323C8E63B0088CEF2 = {
						CreatedOnToolsVersion = 11.3;
					};
					BA7F677923C8E63F0088CEF2 = {
						CreatedOnToolsVersion = 11.3;
						TestTargetID = BA7F676323C8E63B0088CEF2;
					};
				};
			};
			buildConfigurationList = BA7F675F23C8E63B0088CEF2 /* Build configuration list for PBXProject "The Movie Catalog" */;
			compatibilityVersion = "Xcode 9.3";
			developmentRegion = en;
			hasScannedForEncodings = 0;
			knownRegions = (
				en,
				Base,
			);
			mainGroup = BA7F675B23C8E63B0088CEF2;
			productRefGroup = BA7F676523C8E63B0088CEF2 /* Products */;
			projectDirPath = "";
			projectRoot = "";
			targets = (
				BA7F676323C8E63B0088CEF2 /* The Movie Catalog */,
				BA7F677923C8E63F0088CEF2 /* The Movie CatalogTests */,
			);
		};
/* End PBXProject section */

/* Begin PBXResourcesBuildPhase section */
		BA7F676223C8E63B0088CEF2 /* Resources */ = {
			isa = PBXResourcesBuildPhase;
			buildActionMask = 2147483647;
			files = (
				BA7F677423C8E63F0088CEF2 /* LaunchScreen.storyboard in Resources */,
				BA7F677123C8E63F0088CEF2 /* Assets.xcassets in Resources */,
				BA7F676F23C8E63B0088CEF2 /* Main.storyboard in Resources */,
			);
			runOnlyForDeploymentPostprocessing = 0;
		};
		BA7F677823C8E63F0088CEF2 /* Resources */ = {
			isa = PBXResourcesBuildPhase;
			buildActionMask = 2147483647;
			files = (
			);
			runOnlyForDeploymentPostprocessing = 0;
		};
/* End PBXResourcesBuildPhase section */

/* Begin PBXSourcesBuildPhase section */
		BA7F676023C8E63B0088CEF2 /* Sources */ = {
			isa = PBXSourcesBuildPhase;
			buildActionMask = 2147483647;
			files = (
				BA7F676C23C8E63B0088CEF2 /* ViewController.swift in Sources */,
				BA7F676823C8E63B0088CEF2 /* AppDelegate.swift in Sources */,
				BA7F676A23C8E63B0088CEF2 /* SceneDelegate.swift in Sources */,
			);
			runOnlyForDeploymentPostprocessing = 0;
		};
		BA7F677623C8E63F0088CEF2 /* Sources */ = {
			isa = PBXSourcesBuildPhase;
			buildActionMask = 2147483647;
			files = (
				BA7F677F23C8E63F0088CEF2 /* The_Movie_CatalogTests.swift in Sources */,
			);
			runOnlyForDeploymentPostprocessing = 0;
		};
/* End PBXSourcesBuildPhase section */

/* Begin PBXTargetDependency section */
		BA7F677C23C8E63F0088CEF2 /* PBXTargetDependency */ = {
			isa = PBXTargetDependency;
			target = BA7F676323C8E63B0088CEF2 /* The Movie Catalog */;
			targetProxy = BA7F677B23C8E63F0088CEF2 /* PBXContainerItemProxy */;
		};
/* End PBXTargetDependency section */

/* Begin PBXVariantGroup section */
		BA7F676D23C8E63B0088CEF2 /* Main.storyboard */ = {
			isa = PBXVariantGroup;
			children = (
				BA7F676E23C8E63B0088CEF2 /* Base */,
			);
			name = Main.storyboard;
			sourceTree = "<group>";
		};
		BA7F677223C8E63F0088CEF2 /* LaunchScreen.storyboard */ = {
			isa = PBXVariantGroup;
			children = (
				BA7F677323C8E63F0088CEF2 /* Base */,
			);
			name = LaunchScreen.storyboard;
			sourceTree = "<group>";
		};
/* End PBXVariantGroup section */

/* Begin XCBuildConfiguration section */
		BA7F678123C8E63F0088CEF2 /* Debug */ = {
			isa = XCBuildConfiguration;
			buildSettings = {
				ALWAYS_SEARCH_USER_PATHS = NO;
				CLANG_ANALYZER_NONNULL = YES;
				CLANG_ANALYZER_NUMBER_OBJECT_CONVERSION = YES_AGGRESSIVE;
				CLANG_CXX_LANGUAGE_STANDARD = "gnu++14";
				CLANG_CXX_LIBRARY = "libc++";
				CLANG_ENABLE_MODULES = YES;
				CLANG_ENABLE_OBJC_ARC = YES;
				CLANG_ENABLE_OBJC_WEAK = YES;
				CLANG_WARN_BLOCK_CAPTURE_AUTORELEASING = YES;
				CLANG_WARN_BOOL_CONVERSION = YES;
				CLANG_WARN_COMMA = YES;
				CLANG_WARN_CONSTANT_CONVERSION = YES;
				CLANG_WARN_DEPRECATED_OBJC_IMPLEMENTATIONS = YES;
				CLANG_WARN_DIRECT_OBJC_ISA_USAGE = YES_ERROR;
				CLANG_WARN_DOCUMENTATION_COMMENTS = YES;
				CLANG_WARN_EMPTY_BODY = YES;
				CLANG_WARN_ENUM_CONVERSION = YES;
				CLANG_WARN_INFINITE_RECURSION = YES;
				CLANG_WARN_INT_CONVERSION = YES;
				CLANG_WARN_NON_LITERAL_NULL_CONVERSION = YES;
				CLANG_WARN_OBJC_IMPLICIT_RETAIN_SELF = YES;
				CLANG_WARN_OBJC_LITERAL_CONVERSION = YES;
				CLANG_WARN_OBJC_ROOT_CLASS = YES_ERROR;
				CLANG_WARN_RANGE_LOOP_ANALYSIS = YES;
				CLANG_WARN_STRICT_PROTOTYPES = YES;
				CLANG_WARN_SUSPICIOUS_MOVE = YES;
				CLANG_WARN_UNGUARDED_AVAILABILITY = YES_AGGRESSIVE;
				CLANG_WARN_UNREACHABLE_CODE = YES;
				CLANG_WARN__DUPLICATE_METHOD_MATCH = YES;
				COPY_PHASE_STRIP = NO;
				DEBUG_INFORMATION_FORMAT = dwarf;
				ENABLE_STRICT_OBJC_MSGSEND = YES;
				ENABLE_TESTABILITY = YES;
				GCC_C_LANGUAGE_STANDARD = gnu11;
				GCC_DYNAMIC_NO_PIC = NO;
				GCC_NO_COMMON_BLOCKS = YES;
				GCC_OPTIMIZATION_LEVEL = 0;
				GCC_PREPROCESSOR_DEFINITIONS = (
					"DEBUG=1",
					"$(inherited)",
				);
				GCC_WARN_64_TO_32_BIT_CONVERSION = YES;
				GCC_WARN_ABOUT_RETURN_TYPE = YES_ERROR;
				GCC_WARN_UNDECLARED_SELECTOR = YES;
				GCC_WARN_UNINITIALIZED_AUTOS = YES_AGGRESSIVE;
				GCC_WARN_UNUSED_FUNCTION = YES;
				GCC_WARN_UNUSED_VARIABLE = YES;
				IPHONEOS_DEPLOYMENT_TARGET = 13.2;
				MTL_ENABLE_DEBUG_INFO = INCLUDE_SOURCE;
				MTL_FAST_MATH = YES;
				ONLY_ACTIVE_ARCH = YES;
				SDKROOT = iphoneos;
				SWIFT_ACTIVE_COMPILATION_CONDITIONS = DEBUG;
				SWIFT_OPTIMIZATION_LEVEL = "-Onone";
			};
			name = Debug;
		};
		BA7F678223C8E63F0088CEF2 /* Release */ = {
			isa = XCBuildConfiguration;
			buildSettings = {
				ALWAYS_SEARCH_USER_PATHS = NO;
				CLANG_ANALYZER_NONNULL = YES;
				CLANG_ANALYZER_NUMBER_OBJECT_CONVERSION = YES_AGGRESSIVE;
				CLANG_CXX_LANGUAGE_STANDARD = "gnu++14";
				CLANG_CXX_LIBRARY = "libc++";
				CLANG_ENABLE_MODULES = YES;
				CLANG_ENABLE_OBJC_ARC = YES;
				CLANG_ENABLE_OBJC_WEAK = YES;
				CLANG_WARN_BLOCK_CAPTURE_AUTORELEASING = YES;
				CLANG_WARN_BOOL_CONVERSION = YES;
				CLANG_WARN_COMMA = YES;
				CLANG_WARN_CONSTANT_CONVERSION = YES;
				CLANG_WARN_DEPRECATED_OBJC_IMPLEMENTATIONS = YES;
				CLANG_WARN_DIRECT_OBJC_ISA_USAGE = YES_ERROR;
				CLANG_WARN_DOCUMENTATION_COMMENTS = YES;
				CLANG_WARN_EMPTY_BODY = YES;
				CLANG_WARN_ENUM_CONVERSION = YES;
				CLANG_WARN_INFINITE_RECURSION = YES;
				CLANG_WARN_INT_CONVERSION = YES;
				CLANG_WARN_NON_LITERAL_NULL_CONVERSION = YES;
				CLANG_WARN_OBJC_IMPLICIT_RETAIN_SELF = YES;
				CLANG_WARN_OBJC_LITERAL_CONVERSION = YES;
				CLANG_WARN_OBJC_ROOT_CLASS = YES_ERROR;
				CLANG_WARN_RANGE_LOOP_ANALYSIS = YES;
				CLANG_WARN_STRICT_PROTOTYPES = YES;
				CLANG_WARN_SUSPICIOUS_MOVE = YES;
				CLANG_WARN_UNGUARDED_AVAILABILITY = YES_AGGRESSIVE;
				CLANG_WARN_UNREACHABLE_CODE = YES;
				CLANG_WARN__DUPLICATE_METHOD_MATCH = YES;
				COPY_PHASE_STRIP = NO;
				DEBUG_INFORMATION_FORMAT = "dwarf-with-dsym";
				ENABLE_NS_ASSERTIONS = NO;
				ENABLE_STRICT_OBJC_MSGSEND = YES;
				GCC_C_LANGUAGE_STANDARD = gnu11;
				GCC_NO_COMMON_BLOCKS = YES;
				GCC_WARN_64_TO_32_BIT_CONVERSION = YES;
				GCC_WARN_ABOUT_RETURN_TYPE = YES_ERROR;
				GCC_WARN_UNDECLARED_SELECTOR = YES;
				GCC_WARN_UNINITIALIZED_AUTOS = YES_AGGRESSIVE;
				GCC_WARN_UNUSED_FUNCTION = YES;
				GCC_WARN_UNUSED_VARIABLE = YES;
				IPHONEOS_DEPLOYMENT_TARGET = 13.2;
				MTL_ENABLE_DEBUG_INFO = NO;
				MTL_FAST_MATH = YES;
				SDKROOT = iphoneos;
				SWIFT_COMPILATION_MODE = wholemodule;
				SWIFT_OPTIMIZATION_LEVEL = "-O";
				VALIDATE_PRODUCT = YES;
			};
			name = Release;
		};
		BA7F678423C8E63F0088CEF2 /* Debug */ = {
			isa = XCBuildConfiguration;
			buildSettings = {
				ASSETCATALOG_COMPILER_APPICON_NAME = AppIcon;
				CODE_SIGN_STYLE = Automatic;
				DEVELOPMENT_TEAM = 296QZ233WT;
				INFOPLIST_FILE = "The Movie Catalog/Info.plist";
				LD_RUNPATH_SEARCH_PATHS = (
					"$(inherited)",
					"@executable_path/Frameworks",
				);
				PRODUCT_BUNDLE_IDENTIFIER = "com.eagledev.The-Movie-Catalog";
				PRODUCT_NAME = "$(TARGET_NAME)";
				SWIFT_VERSION = 5.0;
				TARGETED_DEVICE_FAMILY = "1,2";
			};
			name = Debug;
		};
		BA7F678523C8E63F0088CEF2 /* Release */ = {
			isa = XCBuildConfiguration;
			buildSettings = {
				ASSETCATALOG_COMPILER_APPICON_NAME = AppIcon;
				CODE_SIGN_STYLE = Automatic;
				DEVELOPMENT_TEAM = 296QZ233WT;
				INFOPLIST_FILE = "The Movie Catalog/Info.plist";
				LD_RUNPATH_SEARCH_PATHS = (
					"$(inherited)",
					"@executable_path/Frameworks",
				);
				PRODUCT_BUNDLE_IDENTIFIER = "com.eagledev.The-Movie-Catalog";
				PRODUCT_NAME = "$(TARGET_NAME)";
				SWIFT_VERSION = 5.0;
				TARGETED_DEVICE_FAMILY = "1,2";
			};
			name = Release;
		};
		BA7F678723C8E63F0088CEF2 /* Debug */ = {
			isa = XCBuildConfiguration;
			buildSettings = {
				ALWAYS_EMBED_SWIFT_STANDARD_LIBRARIES = YES;
				BUNDLE_LOADER = "$(TEST_HOST)";
				CODE_SIGN_STYLE = Automatic;
				DEVELOPMENT_TEAM = 296QZ233WT;
				INFOPLIST_FILE = "The Movie CatalogTests/Info.plist";
				IPHONEOS_DEPLOYMENT_TARGET = 13.2;
				LD_RUNPATH_SEARCH_PATHS = (
					"$(inherited)",
					"@executable_path/Frameworks",
					"@loader_path/Frameworks",
				);
				PRODUCT_BUNDLE_IDENTIFIER = "com.eagledev.The-Movie-CatalogTests";
				PRODUCT_NAME = "$(TARGET_NAME)";
				SWIFT_VERSION = 5.0;
				TARGETED_DEVICE_FAMILY = "1,2";
				TEST_HOST = "$(BUILT_PRODUCTS_DIR)/The Movie Catalog.app/The Movie Catalog";
			};
			name = Debug;
		};
		BA7F678823C8E63F0088CEF2 /* Release */ = {
			isa = XCBuildConfiguration;
			buildSettings = {
				ALWAYS_EMBED_SWIFT_STANDARD_LIBRARIES = YES;
				BUNDLE_LOADER = "$(TEST_HOST)";
				CODE_SIGN_STYLE = Automatic;
				DEVELOPMENT_TEAM = 296QZ233WT;
				INFOPLIST_FILE = "The Movie CatalogTests/Info.plist";
				IPHONEOS_DEPLOYMENT_TARGET = 13.2;
				LD_RUNPATH_SEARCH_PATHS = (
					"$(inherited)",
					"@executable_path/Frameworks",
					"@loader_path/Frameworks",
				);
				PRODUCT_BUNDLE_IDENTIFIER = "com.eagledev.The-Movie-CatalogTests";
				PRODUCT_NAME = "$(TARGET_NAME)";
				SWIFT_VERSION = 5.0;
				TARGETED_DEVICE_FAMILY = "1,2";
				TEST_HOST = "$(BUILT_PRODUCTS_DIR)/The Movie Catalog.app/The Movie Catalog";
			};
			name = Release;
		};
/* End XCBuildConfiguration section */

/* Begin XCConfigurationList section */
		BA7F675F23C8E63B0088CEF2 /* Build configuration list for PBXProject "The Movie Catalog" */ = {
			isa = XCConfigurationList;
			buildConfigurations = (
				BA7F678123C8E63F0088CEF2 /* Debug */,
				BA7F678223C8E63F0088CEF2 /* Release */,
			);
			defaultConfigurationIsVisible = 0;
			defaultConfigurationName = Release;
		};
		BA7F678323C8E63F0088CEF2 /* Build configuration list for PBXNativeTarget "The Movie Catalog" */ = {
			isa = XCConfigurationList;
			buildConfigurations = (
				BA7F678423C8E63F0088CEF2 /* Debug */,
				BA7F678523C8E63F0088CEF2 /* Release */,
			);
			defaultConfigurationIsVisible = 0;
			defaultConfigurationName = Release;
		};
		BA7F678623C8E63F0088CEF2 /* Build configuration list for PBXNativeTarget "The Movie CatalogTests" */ = {
			isa = XCConfigurationList;
			buildConfigurations = (
				BA7F678723C8E63F0088CEF2 /* Debug */,
				BA7F678823C8E63F0088CEF2 /* Release */,
			);
			defaultConfigurationIsVisible = 0;
			defaultConfigurationName = Release;
		};
/* End XCConfigurationList section */
	};
	rootObject = BA7F675C23C8E63B0088CEF2 /* Project object */;
}
